{
	"name": "@bundle-stats/cli-utils",
	"version": "3.3.4",
	"lockfileVersion": 1,
	"requires": true,
	"dependencies": {
		"core-js": {
			"version": "3.21.1",
			"resolved": "https://registry.npmjs.org/core-js/-/core-js-3.21.1.tgz",
			"integrity": "sha512-FRq5b/VMrWlrmCzwRrpDYNxyHP9BcAZC+xHJaqTgIE5091ZV1NTmyh0sGOg5XqpnHvR0svdy0sv1gWA1zmhxig=="
		},
		"fs-extra": {
			"version": "10.0.1",
			"resolved": "https://registry.npmjs.org/fs-extra/-/fs-extra-10.0.1.tgz",
			"integrity": "sha512-NbdoVMZso2Lsrn/QwLXOy6rm0ufY2zEOKCDzJR/0kBsb0E6qed0P3iYK+Ath3BfvXEeu4JhEtXLgILx5psUfag==",
			"requires": {
				"graceful-fs": "^4.2.0",
				"jsonfile": "^6.0.1",
				"universalify": "^2.0.0"
			},
			"dependencies": {
				"graceful-fs": {
					"version": "4.2.9",
					"resolved": "https://registry.npmjs.org/graceful-fs/-/graceful-fs-4.2.9.tgz",
					"integrity": "sha512-NtNxqUcXgpW2iMrfqSfR73Glt39K+BLwWsPs94yR63v45T0Wbej7eRmL5cWfwEgqXnmjQp3zaJTshdRW/qC2ZQ=="
				},
				"jsonfile": {
					"version": "6.1.0",
					"resolved": "https://registry.npmjs.org/jsonfile/-/jsonfile-6.1.0.tgz",
					"integrity": "sha512-5dgndWOriYSm5cnYaJNhalLNDKOqFwyDB/rr1E9ZsGciGvKPs8R2xYGCacuf3z6K1YKDz182fd+fY3cn3pMqXQ==",
					"requires": {
						"graceful-fs": "^4.1.6",
						"universalify": "^2.0.0"
					}
				},
				"universalify": {
					"version": "2.0.0",
					"resolved": "https://registry.npmjs.org/universalify/-/universalify-2.0.0.tgz",
					"integrity": "sha512-hAZsKq7Yy11Zu1DE0OzWjw7nnLZmJZYTDZZyEFHZdUhV8FkH5MCfoU1XMaxXovpyW5nq5scPqq0ZDP9Zyl04oQ=="
				}
			}
		},
		"lodash": {
			"version": "4.17.21",
			"resolved": "https://registry.npmjs.org/lodash/-/lodash-4.17.21.tgz",
			"integrity": "sha512-v2kDEe57lecTulaDIuNTPy3Ry4gLGJ6Z1O3vE1krgXZNrsQ+LFTGHVxVjcXPs17LhbZVGedAJv8XZ1tvj5FvSg=="
		}
	}
}
