{
  "name": "next-plugin-bundle-stats",
  "version": "3.2.5-alpha.2",
  "lockfileVersion": 1,
  "requires": true,
  "dependencies": {
    "@bundle-stats/cli-utils": {
      "version": "3.2.0",
      "resolved": "https://registry.npmjs.org/@bundle-stats/cli-utils/-/cli-utils-3.2.0.tgz",
      "integrity": "sha512-NGX9/q+wbOTdr3O6n19G2eJbwDWjZNBIfJyJWAUQDc1OAjo8TPCeu1fuRQxwYvQYEJVfLXaDHwB7fBAsBPjDHA==",
      "requires": {
        "@bundle-stats/html-templates": "^3.2.0",
        "@bundle-stats/utils": "^3.2.0",
        "core-js": "^3.16.2",
        "find-cache-dir": "^3.1.0",
        "fs-extra": "^10.0.0",
        "lodash": "^4.17.21"
      }
    },
    "@bundle-stats/html-templates": {
      "version": "3.2.0",
      "resolved": "https://registry.npmjs.org/@bundle-stats/html-templates/-/html-templates-3.2.0.tgz",
      "integrity": "sha512-3vffEzEEbSARUbLhBo/iwD9ypDzKKFGRZYM4U/odc86D//+0tbRJNBU42KTVByC0Fu7JwD0awWi8wUYrunyqFQ=="
    },
    "@bundle-stats/plugin-webpack-filter": {
      "version": "3.2.0",
      "resolved": "https://registry.npmjs.org/@bundle-stats/plugin-webpack-filter/-/plugin-webpack-filter-3.2.0.tgz",
      "integrity": "sha512-GKzzfJJnHp0L2D+CHLlcTPDPFkTUgObqfvGWS5uHyrBjF2DumxCOXyntg7pzNQyJw75xVNcxRyqD74uT2m0VoQ=="
    },
    "@bundle-stats/plugin-webpack-validate": {
      "version": "3.2.0",
      "resolved": "https://registry.npmjs.org/@bundle-stats/plugin-webpack-validate/-/plugin-webpack-validate-3.2.0.tgz",
      "integrity": "sha512-EwkPfQVOyJh+ROkvv/RaYFnvJwVeL6x5nlWhzrvnaVgIW+TyDMXKG6q+4Nmch/1Nc+FYjfUrQIe/0dZfhr5iqA==",
      "requires": {
        "superstruct": "^0.8.3"
      }
    },
    "@bundle-stats/utils": {
      "version": "3.2.0",
      "resolved": "https://registry.npmjs.org/@bundle-stats/utils/-/utils-3.2.0.tgz",
      "integrity": "sha512-w8t7B/DtJ2uLfrkqwRQOC+AmUtKcZ23tWQGKPoz1pp22+0lf/oSMa/4IxQSJbIpMg3zldDRkLS5G6dRpX29IpQ==",
      "requires": {
        "@bundle-stats/plugin-webpack-filter": "^3.2.0",
        "@bundle-stats/plugin-webpack-validate": "^3.2.0",
        "convert-units": "^3.0.0-beta.2",
        "query-string": "^7.0.0",
        "serialize-query-params": "^1.3.3"
      }
    },
    "bundle-stats-webpack-plugin": {
      "version": "3.2.0",
      "resolved": "https://registry.npmjs.org/bundle-stats-webpack-plugin/-/bundle-stats-webpack-plugin-3.2.0.tgz",
      "integrity": "sha512-ZkOsfMgVtc8SSIAd1s/iuLuVVg6DH3XRfRlkXt+hB29lrvdcWLNfBNSNrFZbO+pG0C6y8OxV3yQ9g+m7YvVXpQ==",
      "requires": {
        "@bundle-stats/cli-utils": "^3.2.0",
        "@bundle-stats/utils": "^3.2.0",
        "core-js": "^3.16.2",
        "lodash": "^4.17.21"
      }
    },
    "commondir": {
      "version": "1.0.1",
      "resolved": "https://registry.npmjs.org/commondir/-/commondir-1.0.1.tgz",
      "integrity": "sha1-3dgA2gxmEnOTzKWVDqloo6rxJTs="
    },
    "convert-units": {
      "version": "3.0.0-beta.2",
      "resolved": "https://registry.npmjs.org/convert-units/-/convert-units-3.0.0-beta.2.tgz",
      "integrity": "sha512-ib0pIcx+gMP/gpvMpZkol0MZr3mXTSLvt+BtspAB7Ff0QPo5VIJCcxmYd0GBnvV5i5B0lyySBZzkv/l3gWhx1A=="
    },
    "core-js": {
      "version": "3.19.1",
      "resolved": "https://registry.npmjs.org/core-js/-/core-js-3.19.1.tgz",
      "integrity": "sha512-Tnc7E9iKd/b/ff7GFbhwPVzJzPztGrChB8X8GLqoYGdEOG8IpLnK1xPyo3ZoO3HsK6TodJS58VGPOxA+hLHQMg=="
    },
    "decode-uri-component": {
      "version": "0.2.0",
      "resolved": "https://registry.npmjs.org/decode-uri-component/-/decode-uri-component-0.2.0.tgz",
      "integrity": "sha1-6zkTMzRYd1y4TNGh+uBiEGu4dUU="
    },
    "filter-obj": {
      "version": "1.1.0",
      "resolved": "https://registry.npmjs.org/filter-obj/-/filter-obj-1.1.0.tgz",
      "integrity": "sha1-mzERErxsYSehbgFsbF1/GeCAXFs="
    },
    "find-cache-dir": {
      "version": "3.3.2",
      "resolved": "https://registry.npmjs.org/find-cache-dir/-/find-cache-dir-3.3.2.tgz",
      "integrity": "sha512-wXZV5emFEjrridIgED11OoUKLxiYjAcqot/NJdAkOhlJ+vGzwhOAfcG5OX1jP+S0PcjEn8bdMJv+g2jwQ3Onig==",
      "requires": {
        "commondir": "^1.0.1",
        "make-dir": "^3.0.2",
        "pkg-dir": "^4.1.0"
      }
    },
    "find-up": {
      "version": "4.1.0",
      "resolved": "https://registry.npmjs.org/find-up/-/find-up-4.1.0.tgz",
      "integrity": "sha512-PpOwAdQ/YlXQ2vj8a3h8IipDuYRi3wceVQQGYWxNINccq40Anw7BlsEXCMbt1Zt+OLA6Fq9suIpIWD0OsnISlw==",
      "requires": {
        "locate-path": "^5.0.0",
        "path-exists": "^4.0.0"
      }
    },
    "fs-extra": {
      "version": "10.0.0",
      "resolved": "https://registry.npmjs.org/fs-extra/-/fs-extra-10.0.0.tgz",
      "integrity": "sha512-C5owb14u9eJwizKGdchcDUQeFtlSHHthBk8pbX9Vc1PFZrLombudjDnNns88aYslCyF6IY5SUw3Roz6xShcEIQ==",
      "requires": {
        "graceful-fs": "^4.2.0",
        "jsonfile": "^6.0.1",
        "universalify": "^2.0.0"
      }
    },
    "graceful-fs": {
      "version": "4.2.8",
      "resolved": "https://registry.npmjs.org/graceful-fs/-/graceful-fs-4.2.8.tgz",
      "integrity": "sha512-qkIilPUYcNhJpd33n0GBXTB1MMPp14TxEsEs0pTrsSVucApsYzW5V+Q8Qxhik6KU3evy+qkAAowTByymK0avdg=="
    },
    "jsonfile": {
      "version": "6.1.0",
      "resolved": "https://registry.npmjs.org/jsonfile/-/jsonfile-6.1.0.tgz",
      "integrity": "sha512-5dgndWOriYSm5cnYaJNhalLNDKOqFwyDB/rr1E9ZsGciGvKPs8R2xYGCacuf3z6K1YKDz182fd+fY3cn3pMqXQ==",
      "requires": {
        "graceful-fs": "^4.1.6",
        "universalify": "^2.0.0"
      }
    },
    "kind-of": {
      "version": "6.0.3",
      "resolved": "https://registry.npmjs.org/kind-of/-/kind-of-6.0.3.tgz",
      "integrity": "sha512-dcS1ul+9tmeD95T+x28/ehLgd9mENa3LsvDTtzm3vyBEO7RPptvAD+t44WVXaUjTBRcrpFeFlC8WCruUR456hw=="
    },
    "locate-path": {
      "version": "5.0.0",
      "resolved": "https://registry.npmjs.org/locate-path/-/locate-path-5.0.0.tgz",
      "integrity": "sha512-t7hw9pI+WvuwNJXwk5zVHpyhIqzg2qTlklJOf0mVxGSbe3Fp2VieZcduNYjaLDoy6p9uGpQEGWG87WpMKlNq8g==",
      "requires": {
        "p-locate": "^4.1.0"
      }
    },
    "lodash": {
      "version": "4.17.21",
      "resolved": "https://registry.npmjs.org/lodash/-/lodash-4.17.21.tgz",
      "integrity": "sha512-v2kDEe57lecTulaDIuNTPy3Ry4gLGJ6Z1O3vE1krgXZNrsQ+LFTGHVxVjcXPs17LhbZVGedAJv8XZ1tvj5FvSg=="
    },
    "make-dir": {
      "version": "3.1.0",
      "resolved": "https://registry.npmjs.org/make-dir/-/make-dir-3.1.0.tgz",
      "integrity": "sha512-g3FeP20LNwhALb/6Cz6Dd4F2ngze0jz7tbzrD2wAV+o9FeNHe4rL+yK2md0J/fiSf1sa1ADhXqi5+oVwOM/eGw==",
      "requires": {
        "semver": "^6.0.0"
      }
    },
    "p-limit": {
      "version": "2.3.0",
      "resolved": "https://registry.npmjs.org/p-limit/-/p-limit-2.3.0.tgz",
      "integrity": "sha512-//88mFWSJx8lxCzwdAABTJL2MyWB12+eIY7MDL2SqLmAkeKU9qxRvWuSyTjm3FUmpBEMuFfckAIqEaVGUDxb6w==",
      "requires": {
        "p-try": "^2.0.0"
      }
    },
    "p-locate": {
      "version": "4.1.0",
      "resolved": "https://registry.npmjs.org/p-locate/-/p-locate-4.1.0.tgz",
      "integrity": "sha512-R79ZZ/0wAxKGu3oYMlz8jy/kbhsNrS7SKZ7PxEHBgJ5+F2mtFW2fK2cOtBh1cHYkQsbzFV7I+EoRKe6Yt0oK7A==",
      "requires": {
        "p-limit": "^2.2.0"
      }
    },
    "p-try": {
      "version": "2.2.0",
      "resolved": "https://registry.npmjs.org/p-try/-/p-try-2.2.0.tgz",
      "integrity": "sha512-R4nPAVTAU0B9D35/Gk3uJf/7XYbQcyohSKdvAxIRSNghFl4e71hVoGnBNQz9cWaXxO2I10KTC+3jMdvvoKw6dQ=="
    },
    "path-exists": {
      "version": "4.0.0",
      "resolved": "https://registry.npmjs.org/path-exists/-/path-exists-4.0.0.tgz",
      "integrity": "sha512-ak9Qy5Q7jYb2Wwcey5Fpvg2KoAc/ZIhLSLOSBmRmygPsGwkVVt0fZa0qrtMz+m6tJTAHfZQ8FnmB4MG4LWy7/w=="
    },
    "pkg-dir": {
      "version": "4.2.0",
      "resolved": "https://registry.npmjs.org/pkg-dir/-/pkg-dir-4.2.0.tgz",
      "integrity": "sha512-HRDzbaKjC+AOWVXxAU/x54COGeIv9eb+6CkDSQoNTt4XyWoIJvuPsXizxu/Fr23EiekbtZwmh1IcIG/l/a10GQ==",
      "requires": {
        "find-up": "^4.0.0"
      }
    },
    "query-string": {
      "version": "7.0.1",
      "resolved": "https://registry.npmjs.org/query-string/-/query-string-7.0.1.tgz",
      "integrity": "sha512-uIw3iRvHnk9to1blJCG3BTc+Ro56CBowJXKmNNAm3RulvPBzWLRqKSiiDk+IplJhsydwtuNMHi8UGQFcCLVfkA==",
      "requires": {
        "decode-uri-component": "^0.2.0",
        "filter-obj": "^1.1.0",
        "split-on-first": "^1.0.0",
        "strict-uri-encode": "^2.0.0"
      }
    },
    "semver": {
      "version": "6.3.0",
      "resolved": "https://registry.npmjs.org/semver/-/semver-6.3.0.tgz",
      "integrity": "sha512-b39TBaTSfV6yBrapU89p5fKekE2m/NwnDocOVruQFS1/veMgdzuPcnOM34M6CwxW8jH/lxEa5rBoDeUwu5HHTw=="
    },
    "serialize-query-params": {
      "version": "1.3.5",
      "resolved": "https://registry.npmjs.org/serialize-query-params/-/serialize-query-params-1.3.5.tgz",
      "integrity": "sha512-BrLH1RqgzVxm6dco+KP9S6BodeFiUVvKwtY3GSWQlupIdblT19KCGTRkHZ2yIU6Bjy0Prjts0tYe11VpTMbAeQ=="
    },
    "split-on-first": {
      "version": "1.1.0",
      "resolved": "https://registry.npmjs.org/split-on-first/-/split-on-first-1.1.0.tgz",
      "integrity": "sha512-43ZssAJaMusuKWL8sKUBQXHWOpq8d6CfN/u1p4gUzfJkM05C8rxTmYrkIPTXapZpORA6LkkzcUulJ8FqA7Uudw=="
    },
    "strict-uri-encode": {
      "version": "2.0.0",
      "resolved": "https://registry.npmjs.org/strict-uri-encode/-/strict-uri-encode-2.0.0.tgz",
      "integrity": "sha1-ucczDHBChi9rFC3CdLvMWGbONUY="
    },
    "superstruct": {
      "version": "0.8.4",
      "resolved": "https://registry.npmjs.org/superstruct/-/superstruct-0.8.4.tgz",
      "integrity": "sha512-48Ors8IVWZm/tMr8r0Si6+mJiB7mkD7jqvIzktjJ4+EnP5tBp0qOpiM1J8sCUorKx+TXWrfb3i1UcjdD1YK/wA==",
      "requires": {
        "kind-of": "^6.0.2",
        "tiny-invariant": "^1.0.6"
      }
    },
    "tiny-invariant": {
      "version": "1.2.0",
      "resolved": "https://registry.npmjs.org/tiny-invariant/-/tiny-invariant-1.2.0.tgz",
      "integrity": "sha512-1Uhn/aqw5C6RI4KejVeTg6mIS7IqxnLJ8Mv2tV5rTc0qWobay7pDUz6Wi392Cnc8ak1H0F2cjoRzb2/AW4+Fvg=="
    },
    "universalify": {
      "version": "2.0.0",
      "resolved": "https://registry.npmjs.org/universalify/-/universalify-2.0.0.tgz",
      "integrity": "sha512-hAZsKq7Yy11Zu1DE0OzWjw7nnLZmJZYTDZZyEFHZdUhV8FkH5MCfoU1XMaxXovpyW5nq5scPqq0ZDP9Zyl04oQ=="
    }
  }
}
