{
  "name": "@bundle-stats/ui",
  "version": "4.2.0-beta.1",
  "lockfileVersion": 1,
  "requires": true,
  "dependencies": {
    "@bundle-stats/utils": {
      "version": "4.1.6",
      "requires": {
        "@bundle-stats/plugin-webpack-filter": "^4.1.6",
        "@bundle-stats/plugin-webpack-validate": "^4.1.6",
        "query-string": "^7.1.0",
        "serialize-query-params": "^2.0.1"
      },
      "dependencies": {
        "@bundle-stats/plugin-webpack-filter": {
          "version": "4.1.6"
        },
        "@bundle-stats/plugin-webpack-validate": {
          "version": "4.1.6",
          "requires": {
            "lodash": "4.17.21",
            "superstruct": "1.0.3"
          },
          "dependencies": {
            "lodash": {
              "version": "4.17.21",
              "resolved": "https://registry.npmjs.org/lodash/-/lodash-4.17.21.tgz",
              "integrity": "sha512-v2kDEe57lecTulaDIuNTPy3Ry4gLGJ6Z1O3vE1krgXZNrsQ+LFTGHVxVjcXPs17LhbZVGedAJv8XZ1tvj5FvSg=="
            },
            "superstruct": {
              "version": "1.0.3",
              "resolved": "https://registry.npmjs.org/superstruct/-/superstruct-1.0.3.tgz",
              "integrity": "sha512-8iTn3oSS8nRGn+C2pgXSKPI3jmpm6FExNazNpjvqS6ZUJQCej3PUXEKM8NjHBOs54ExM+LPW/FBRhymrdcCiSg=="
            }
          }
        },
        "decode-uri-component": {
          "version": "0.2.2",
          "resolved": "https://registry.npmjs.org/decode-uri-component/-/decode-uri-component-0.2.2.tgz",
          "integrity": "sha512-FqUYQ+8o158GyGTrMFJms9qh3CqTKvAqgqsTnkLI8sKu0028orqBhxNMFkFen0zGyg6epACD32pjVk58ngIErQ=="
        },
        "filter-obj": {
          "version": "1.1.0",
          "resolved": "https://registry.npmjs.org/filter-obj/-/filter-obj-1.1.0.tgz",
          "integrity": "sha512-8rXg1ZnX7xzy2NGDVkBVaAy+lSlPNwad13BtgSlLuxfIslyt5Vg64U7tFcCt4WS1R0hvtnQybT/IyCkGZ3DpXQ=="
        },
        "query-string": {
          "version": "7.1.3",
          "resolved": "https://registry.npmjs.org/query-string/-/query-string-7.1.3.tgz",
          "integrity": "sha512-hh2WYhq4fi8+b+/2Kg9CEge4fDPvHS534aOOvOZeQ3+Vf2mCFsaFBYj0i+iXcAq6I9Vzp5fjMFBlONvayDC1qg==",
          "requires": {
            "decode-uri-component": "^0.2.2",
            "filter-obj": "^1.1.0",
            "split-on-first": "^1.0.0",
            "strict-uri-encode": "^2.0.0"
          }
        },
        "serialize-query-params": {
          "version": "2.0.2",
          "resolved": "https://registry.npmjs.org/serialize-query-params/-/serialize-query-params-2.0.2.tgz",
          "integrity": "sha512-1chMo1dST4pFA9RDXAtF0Rbjaut4is7bzFbI1Z26IuMub68pNCILku85aYmeFhvnY//BXUPUhoRMjYcsT93J/Q=="
        },
        "split-on-first": {
          "version": "1.1.0",
          "resolved": "https://registry.npmjs.org/split-on-first/-/split-on-first-1.1.0.tgz",
          "integrity": "sha512-43ZssAJaMusuKWL8sKUBQXHWOpq8d6CfN/u1p4gUzfJkM05C8rxTmYrkIPTXapZpORA6LkkzcUulJ8FqA7Uudw=="
        },
        "strict-uri-encode": {
          "version": "2.0.0",
          "resolved": "https://registry.npmjs.org/strict-uri-encode/-/strict-uri-encode-2.0.0.tgz",
          "integrity": "sha512-QwiXZgpRcKkhTj2Scnn++4PKtWsH0kpzZ62L2R6c/LUVYv7hVnZqcg2+sMuT6R7Jusu1vviK/MFsu6kNJfWlEQ=="
        }
      }
    },
    "@types/prop-types": {
      "version": "15.7.5",
      "resolved": "https://registry.npmjs.org/@types/prop-types/-/prop-types-15.7.5.tgz",
      "integrity": "sha512-JCB8C6SnDoQf0cNycqd/35A7MjcnK+ZTqE7judS6o7utxUCg6imJg3QK2qzHKszlTjcj2cn+NwMB2i96ubpj7w==",
      "dev": true
    },
    "@types/react": {
      "version": "17.0.52",
      "resolved": "https://registry.npmjs.org/@types/react/-/react-17.0.52.tgz",
      "integrity": "sha512-vwk8QqVODi0VaZZpDXQCmEmiOuyjEFPY7Ttaw5vjM112LOq37yz1CDJGrRJwA1fYEq4Iitd5rnjd1yWAc/bT+A==",
      "dev": true,
      "requires": {
        "@types/prop-types": "*",
        "@types/scheduler": "*",
        "csstype": "^3.0.2"
      }
    },
    "@types/scheduler": {
      "version": "0.16.2",
      "resolved": "https://registry.npmjs.org/@types/scheduler/-/scheduler-0.16.2.tgz",
      "integrity": "sha512-hppQEBDmlwhFAXKJX2KnWLYu5yMfi91yazPb2l+lbJiwW+wdo1gNeRA+3RgNSO39WYX2euey41KEwnqesU2Jew==",
      "dev": true
    },
    "csstype": {
      "version": "3.1.1",
      "resolved": "https://registry.npmjs.org/csstype/-/csstype-3.1.1.tgz",
      "integrity": "sha512-DJR/VvkAvSZW9bTouZue2sSxDwdTN92uHjqeKVm+0dAqdfNykRzQ95tay8aXMBAAPpUiq4Qcug2L7neoRh2Egw==",
      "dev": true
    }
  }
}
