{
	"name": "bundle-stats",
	"version": "3.0.1",
	"lockfileVersion": 1,
	"requires": true,
	"dependencies": {
		"core-js": {
			"version": "3.12.1",
			"resolved": "https://registry.npmjs.org/core-js/-/core-js-3.12.1.tgz",
			"integrity": "sha512-Ne9DKPHTObRuB09Dru5AjwKjY4cJHVGu+y5f7coGn1E9Grkc3p2iBwE9AI/nJzsE29mQF7oq+mhYYRqOMFN1Bw=="
		}
	}
}
